
Microsoft Visual Studio Solution File, Format Version 12.00
# Visual Studio Version 17
VisualStudioVersion = 17.6.33712.159
MinimumVisualStudioVersion = 10.0.40219.1
Project("{FAE04EC0-301F-11D3-BF4B-00C04F79EFBC}") = "Solares", "Solares\Solares.csproj", "{FB1D1CEE-8EB6-4E46-9F91-4865C9B61517}"
EndProject
Global
	GlobalSection(SolutionConfigurationPlatforms) = preSolution
		Debug|Any CPU = Debug|Any CPU
		Release|Any CPU = Release|Any CPU
	EndGlobalSection
	GlobalSection(ProjectConfigurationPlatforms) = postSolution
		{FB1D1CEE-8EB6-4E46-9F91-4865C9B61517}.Debug|Any CPU.ActiveCfg = Debug|Any CPU
		{FB1D1CEE-8EB6-4E46-9F91-4865C9B61517}.Debug|Any CPU.Build.0 = Debug|Any CPU
		{FB1D1CEE-8EB6-4E46-9F91-4865C9B61517}.Release|Any CPU.ActiveCfg = Release|Any CPU
		{FB1D1CEE-8EB6-4E46-9F91-4865C9B61517}.Release|Any CPU.Build.0 = Release|Any CPU
	EndGlobalSection
	GlobalSection(SolutionProperties) = preSolution
		HideSolutionNode = FALSE
	EndGlobalSection
	GlobalSection(ExtensibilityGlobals) = postSolution
		SolutionGuid = {87086EF9-4555-41CD-8E47-70A931D6A563}
	EndGlobalSection
EndGlobal
